
Microsoft Visual Studio Solution File, Format Version 12.00
# Visual Studio Version 17
VisualStudioVersion = 17.2.32616.157
MinimumVisualStudioVersion = 16.0.0.0
Project("{2150E333-8FDC-42A3-9474-1A3956D46DE8}") = "src", "src", "{2DDDB4C0-6CF1-4F51-BDC1-452304677B6E}"
EndProject
Project("{2150E333-8FDC-42A3-9474-1A3956D46DE8}") = "Services", "src\Services", "{F25EB805-3515-416A-BB8A-CEF5988E6137}"
EndProject
Project("{2150E333-8FDC-42A3-9474-1A3956D46DE8}") = "APIGateway", "src\APIGateway", "{6411D391-8D7A-4E75-B258-5418387EE061}"
EndProject
Project("{2150E333-8FDC-42A3-9474-1A3956D46DE8}") = "Client", "src\Client", "{7661DA2D-D5E3-4268-8A48-BD61314775FC}"
EndProject
Project("{2150E333-8FDC-42A3-9474-1A3956D46DE8}") = "Identity", "src\Services\Identity", "{E7F167AC-5D6C-4B78-A6A4-7658BCF52C00}"
EndProject
Project("{9A19103F-16F7-4668-BE54-9A1E7A4F7556}") = "PAD.APIGateway", "src\APIGateway\PAD.APIGateway.csproj", "{DC2B1398-5DBA-4172-AFB7-1ABA60FD7335}"
EndProject
Project("{9A19103F-16F7-4668-BE54-9A1E7A4F7556}") = "PAD.Client", "src\Client\PAD.Client.csproj", "{C1E649C9-07C2-43E8-8BF8-26FD068B9C73}"
EndProject
Project("{9A19103F-16F7-4668-BE54-9A1E7A4F7556}") = "PFA.Finance", "src\Services\Finance\PFA.Finance.csproj", "{E357D676-4E69-4160-A8C1-F465F6886333}"
EndProject
Project("{9A19103F-16F7-4668-BE54-9A1E7A4F7556}") = "PAD.Identity.API", "src\Services\Identity\Identity.API\PAD.Identity.API.csproj", "{23F5D433-4CE8-4956-BAEF-0F961C613D8B}"
EndProject
Project("{9A19103F-16F7-4668-BE54-9A1E7A4F7556}") = "PAD.Identity.Core", "src\Services\Identity\Identity.Core\PAD.Identity.Core.csproj", "{0465A555-CB9D-4F8A-AD1E-7F786E74606C}"
EndProject
Project("{9A19103F-16F7-4668-BE54-9A1E7A4F7556}") = "PAD.Identity.Infrastructure", "src\Services\Identity\Identity.Infrastructure\PAD.Identity.Infrastructure.csproj", "{F549D6B0-3F96-4C1A-A7F3-365A403BAF49}"
EndProject
Project("{FAE04EC0-301F-11D3-BF4B-00C04F79EFBC}") = "PAD.Identity.Domain", "src\Services\Identity\Identity.Domain\PAD.Identity.Domain.csproj", "{975359C9-DB08-4266-9E3B-C2A20DCB8500}"
EndProject
Global
	GlobalSection(SolutionConfigurationPlatforms) = preSolution
		Debug|Any CPU = Debug|Any CPU
		Debug|x64 = Debug|x64
		Debug|x86 = Debug|x86
		Release|Any CPU = Release|Any CPU
		Release|x64 = Release|x64
		Release|x86 = Release|x86
	EndGlobalSection
	GlobalSection(ProjectConfigurationPlatforms) = postSolution
		{DC2B1398-5DBA-4172-AFB7-1ABA60FD7335}.Debug|Any CPU.ActiveCfg = Debug|Any CPU
		{DC2B1398-5DBA-4172-AFB7-1ABA60FD7335}.Debug|Any CPU.Build.0 = Debug|Any CPU
		{DC2B1398-5DBA-4172-AFB7-1ABA60FD7335}.Debug|x64.ActiveCfg = Debug|Any CPU
		{DC2B1398-5DBA-4172-AFB7-1ABA60FD7335}.Debug|x64.Build.0 = Debug|Any CPU
		{DC2B1398-5DBA-4172-AFB7-1ABA60FD7335}.Debug|x86.ActiveCfg = Debug|Any CPU
		{DC2B1398-5DBA-4172-AFB7-1ABA60FD7335}.Debug|x86.Build.0 = Debug|Any CPU
		{DC2B1398-5DBA-4172-AFB7-1ABA60FD7335}.Release|Any CPU.ActiveCfg = Release|Any CPU
		{DC2B1398-5DBA-4172-AFB7-1ABA60FD7335}.Release|Any CPU.Build.0 = Release|Any CPU
		{DC2B1398-5DBA-4172-AFB7-1ABA60FD7335}.Release|x64.ActiveCfg = Release|Any CPU
		{DC2B1398-5DBA-4172-AFB7-1ABA60FD7335}.Release|x64.Build.0 = Release|Any CPU
		{DC2B1398-5DBA-4172-AFB7-1ABA60FD7335}.Release|x86.ActiveCfg = Release|Any CPU
		{DC2B1398-5DBA-4172-AFB7-1ABA60FD7335}.Release|x86.Build.0 = Release|Any CPU
		{C1E649C9-07C2-43E8-8BF8-26FD068B9C73}.Debug|Any CPU.ActiveCfg = Debug|Any CPU
		{C1E649C9-07C2-43E8-8BF8-26FD068B9C73}.Debug|Any CPU.Build.0 = Debug|Any CPU
		{C1E649C9-07C2-43E8-8BF8-26FD068B9C73}.Debug|x64.ActiveCfg = Debug|Any CPU
		{C1E649C9-07C2-43E8-8BF8-26FD068B9C73}.Debug|x64.Build.0 = Debug|Any CPU
		{C1E649C9-07C2-43E8-8BF8-26FD068B9C73}.Debug|x86.ActiveCfg = Debug|Any CPU
		{C1E649C9-07C2-43E8-8BF8-26FD068B9C73}.Debug|x86.Build.0 = Debug|Any CPU
		{C1E649C9-07C2-43E8-8BF8-26FD068B9C73}.Release|Any CPU.ActiveCfg = Release|Any CPU
		{C1E649C9-07C2-43E8-8BF8-26FD068B9C73}.Release|Any CPU.Build.0 = Release|Any CPU
		{C1E649C9-07C2-43E8-8BF8-26FD068B9C73}.Release|x64.ActiveCfg = Release|Any CPU
		{C1E649C9-07C2-43E8-8BF8-26FD068B9C73}.Release|x64.Build.0 = Release|Any CPU
		{C1E649C9-07C2-43E8-8BF8-26FD068B9C73}.Release|x86.ActiveCfg = Release|Any CPU
		{C1E649C9-07C2-43E8-8BF8-26FD068B9C73}.Release|x86.Build.0 = Release|Any CPU
		{E357D676-4E69-4160-A8C1-F465F6886333}.Debug|Any CPU.ActiveCfg = Debug|Any CPU
		{E357D676-4E69-4160-A8C1-F465F6886333}.Debug|Any CPU.Build.0 = Debug|Any CPU
		{E357D676-4E69-4160-A8C1-F465F6886333}.Debug|x64.ActiveCfg = Debug|Any CPU
		{E357D676-4E69-4160-A8C1-F465F6886333}.Debug|x64.Build.0 = Debug|Any CPU
		{E357D676-4E69-4160-A8C1-F465F6886333}.Debug|x86.ActiveCfg = Debug|Any CPU
		{E357D676-4E69-4160-A8C1-F465F6886333}.Debug|x86.Build.0 = Debug|Any CPU
		{E357D676-4E69-4160-A8C1-F465F6886333}.Release|Any CPU.ActiveCfg = Release|Any CPU
		{E357D676-4E69-4160-A8C1-F465F6886333}.Release|Any CPU.Build.0 = Release|Any CPU
		{E357D676-4E69-4160-A8C1-F465F6886333}.Release|x64.ActiveCfg = Release|Any CPU
		{E357D676-4E69-4160-A8C1-F465F6886333}.Release|x64.Build.0 = Release|Any CPU
		{E357D676-4E69-4160-A8C1-F465F6886333}.Release|x86.ActiveCfg = Release|Any CPU
		{E357D676-4E69-4160-A8C1-F465F6886333}.Release|x86.Build.0 = Release|Any CPU
		{23F5D433-4CE8-4956-BAEF-0F961C613D8B}.Debug|Any CPU.ActiveCfg = Debug|Any CPU
		{23F5D433-4CE8-4956-BAEF-0F961C613D8B}.Debug|Any CPU.Build.0 = Debug|Any CPU
		{23F5D433-4CE8-4956-BAEF-0F961C613D8B}.Debug|x64.ActiveCfg = Debug|Any CPU
		{23F5D433-4CE8-4956-BAEF-0F961C613D8B}.Debug|x64.Build.0 = Debug|Any CPU
		{23F5D433-4CE8-4956-BAEF-0F961C613D8B}.Debug|x86.ActiveCfg = Debug|Any CPU
		{23F5D433-4CE8-4956-BAEF-0F961C613D8B}.Debug|x86.Build.0 = Debug|Any CPU
		{23F5D433-4CE8-4956-BAEF-0F961C613D8B}.Release|Any CPU.ActiveCfg = Release|Any CPU
		{23F5D433-4CE8-4956-BAEF-0F961C613D8B}.Release|Any CPU.Build.0 = Release|Any CPU
		{23F5D433-4CE8-4956-BAEF-0F961C613D8B}.Release|x64.ActiveCfg = Release|Any CPU
		{23F5D433-4CE8-4956-BAEF-0F961C613D8B}.Release|x64.Build.0 = Release|Any CPU
		{23F5D433-4CE8-4956-BAEF-0F961C613D8B}.Release|x86.ActiveCfg = Release|Any CPU
		{23F5D433-4CE8-4956-BAEF-0F961C613D8B}.Release|x86.Build.0 = Release|Any CPU
		{0465A555-CB9D-4F8A-AD1E-7F786E74606C}.Debug|Any CPU.ActiveCfg = Debug|Any CPU
		{0465A555-CB9D-4F8A-AD1E-7F786E74606C}.Debug|Any CPU.Build.0 = Debug|Any CPU
		{0465A555-CB9D-4F8A-AD1E-7F786E74606C}.Debug|x64.ActiveCfg = Debug|Any CPU
		{0465A555-CB9D-4F8A-AD1E-7F786E74606C}.Debug|x64.Build.0 = Debug|Any CPU
		{0465A555-CB9D-4F8A-AD1E-7F786E74606C}.Debug|x86.ActiveCfg = Debug|Any CPU
		{0465A555-CB9D-4F8A-AD1E-7F786E74606C}.Debug|x86.Build.0 = Debug|Any CPU
		{0465A555-CB9D-4F8A-AD1E-7F786E74606C}.Release|Any CPU.ActiveCfg = Release|Any CPU
		{0465A555-CB9D-4F8A-AD1E-7F786E74606C}.Release|Any CPU.Build.0 = Release|Any CPU
		{0465A555-CB9D-4F8A-AD1E-7F786E74606C}.Release|x64.ActiveCfg = Release|Any CPU
		{0465A555-CB9D-4F8A-AD1E-7F786E74606C}.Release|x64.Build.0 = Release|Any CPU
		{0465A555-CB9D-4F8A-AD1E-7F786E74606C}.Release|x86.ActiveCfg = Release|Any CPU
		{0465A555-CB9D-4F8A-AD1E-7F786E74606C}.Release|x86.Build.0 = Release|Any CPU
		{F549D6B0-3F96-4C1A-A7F3-365A403BAF49}.Debug|Any CPU.ActiveCfg = Debug|Any CPU
		{F549D6B0-3F96-4C1A-A7F3-365A403BAF49}.Debug|Any CPU.Build.0 = Debug|Any CPU
		{F549D6B0-3F96-4C1A-A7F3-365A403BAF49}.Debug|x64.ActiveCfg = Debug|Any CPU
		{F549D6B0-3F96-4C1A-A7F3-365A403BAF49}.Debug|x64.Build.0 = Debug|Any CPU
		{F549D6B0-3F96-4C1A-A7F3-365A403BAF49}.Debug|x86.ActiveCfg = Debug|Any CPU
		{F549D6B0-3F96-4C1A-A7F3-365A403BAF49}.Debug|x86.Build.0 = Debug|Any CPU
		{F549D6B0-3F96-4C1A-A7F3-365A403BAF49}.Release|Any CPU.ActiveCfg = Release|Any CPU
		{F549D6B0-3F96-4C1A-A7F3-365A403BAF49}.Release|Any CPU.Build.0 = Release|Any CPU
		{F549D6B0-3F96-4C1A-A7F3-365A403BAF49}.Release|x64.ActiveCfg = Release|Any CPU
		{F549D6B0-3F96-4C1A-A7F3-365A403BAF49}.Release|x64.Build.0 = Release|Any CPU
		{F549D6B0-3F96-4C1A-A7F3-365A403BAF49}.Release|x86.ActiveCfg = Release|Any CPU
		{F549D6B0-3F96-4C1A-A7F3-365A403BAF49}.Release|x86.Build.0 = Release|Any CPU
		{975359C9-DB08-4266-9E3B-C2A20DCB8500}.Debug|Any CPU.ActiveCfg = Debug|Any CPU
		{975359C9-DB08-4266-9E3B-C2A20DCB8500}.Debug|Any CPU.Build.0 = Debug|Any CPU
		{975359C9-DB08-4266-9E3B-C2A20DCB8500}.Debug|x64.ActiveCfg = Debug|Any CPU
		{975359C9-DB08-4266-9E3B-C2A20DCB8500}.Debug|x64.Build.0 = Debug|Any CPU
		{975359C9-DB08-4266-9E3B-C2A20DCB8500}.Debug|x86.ActiveCfg = Debug|Any CPU
		{975359C9-DB08-4266-9E3B-C2A20DCB8500}.Debug|x86.Build.0 = Debug|Any CPU
		{975359C9-DB08-4266-9E3B-C2A20DCB8500}.Release|Any CPU.ActiveCfg = Release|Any CPU
		{975359C9-DB08-4266-9E3B-C2A20DCB8500}.Release|Any CPU.Build.0 = Release|Any CPU
		{975359C9-DB08-4266-9E3B-C2A20DCB8500}.Release|x64.ActiveCfg = Release|Any CPU
		{975359C9-DB08-4266-9E3B-C2A20DCB8500}.Release|x64.Build.0 = Release|Any CPU
		{975359C9-DB08-4266-9E3B-C2A20DCB8500}.Release|x86.ActiveCfg = Release|Any CPU
		{975359C9-DB08-4266-9E3B-C2A20DCB8500}.Release|x86.Build.0 = Release|Any CPU
	EndGlobalSection
	GlobalSection(SolutionProperties) = preSolution
		HideSolutionNode = FALSE
	EndGlobalSection
	GlobalSection(NestedProjects) = preSolution
		{F25EB805-3515-416A-BB8A-CEF5988E6137} = {2DDDB4C0-6CF1-4F51-BDC1-452304677B6E}
		{6411D391-8D7A-4E75-B258-5418387EE061} = {2DDDB4C0-6CF1-4F51-BDC1-452304677B6E}
		{7661DA2D-D5E3-4268-8A48-BD61314775FC} = {2DDDB4C0-6CF1-4F51-BDC1-452304677B6E}
		{E7F167AC-5D6C-4B78-A6A4-7658BCF52C00} = {F25EB805-3515-416A-BB8A-CEF5988E6137}
		{DC2B1398-5DBA-4172-AFB7-1ABA60FD7335} = {6411D391-8D7A-4E75-B258-5418387EE061}
		{C1E649C9-07C2-43E8-8BF8-26FD068B9C73} = {7661DA2D-D5E3-4268-8A48-BD61314775FC}
		{E357D676-4E69-4160-A8C1-F465F6886333} = {F25EB805-3515-416A-BB8A-CEF5988E6137}
		{23F5D433-4CE8-4956-BAEF-0F961C613D8B} = {E7F167AC-5D6C-4B78-A6A4-7658BCF52C00}
		{0465A555-CB9D-4F8A-AD1E-7F786E74606C} = {E7F167AC-5D6C-4B78-A6A4-7658BCF52C00}
		{F549D6B0-3F96-4C1A-A7F3-365A403BAF49} = {E7F167AC-5D6C-4B78-A6A4-7658BCF52C00}
		{975359C9-DB08-4266-9E3B-C2A20DCB8500} = {E7F167AC-5D6C-4B78-A6A4-7658BCF52C00}
	EndGlobalSection
	GlobalSection(ExtensibilityGlobals) = postSolution
		SolutionGuid = {DC776897-27A5-4F64-9328-4E2741B1082C}
	EndGlobalSection
EndGlobal
